
Microsoft Visual Studio Solution File, Format Version 12.00
# Visual Studio 14
VisualStudioVersion = 14.0.24606.1
MinimumVisualStudioVersion = 10.0.40219.1
Project("{FAE04EC0-301F-11D3-BF4B-00C04F79EFBC}") = "backbone Demo", "backbone Demo\backbone Demo.csproj", "{B6267284-11CB-48BB-BC5F-AB339B572EBF}"
EndProject
Global
	GlobalSection(SolutionConfigurationPlatforms) = preSolution
		Debug|Any CPU = Debug|Any CPU
		Release|Any CPU = Release|Any CPU
	EndGlobalSection
	GlobalSection(ProjectConfigurationPlatforms) = postSolution
		{B6267284-11CB-48BB-BC5F-AB339B572EBF}.Debug|Any CPU.ActiveCfg = Debug|Any CPU
		{B6267284-11CB-48BB-BC5F-AB339B572EBF}.Debug|Any CPU.Build.0 = Debug|Any CPU
		{B6267284-11CB-48BB-BC5F-AB339B572EBF}.Release|Any CPU.ActiveCfg = Release|Any CPU
		{B6267284-11CB-48BB-BC5F-AB339B572EBF}.Release|Any CPU.Build.0 = Release|Any CPU
	EndGlobalSection
	GlobalSection(SolutionProperties) = preSolution
		HideSolutionNode = FALSE
	EndGlobalSection
EndGlobal
