
Microsoft Visual Studio Solution File, Format Version 12.00
# Visual Studio 14
VisualStudioVersion = 14.0.24720.0
MinimumVisualStudioVersion = 10.0.40219.1
Project("{FAE04EC0-301F-11D3-BF4B-00C04F79EFBC}") = "backbone Demo", "backbone Demo\backbone Demo.csproj", "{B6267284-11CB-48BB-BC5F-AB339B572EBF}"
EndProject
Project("{FAE04EC0-301F-11D3-BF4B-00C04F79EFBC}") = "emberDemo", "emberDemo\emberDemo.csproj", "{A4F49F58-7F4E-4A4C-8EE7-2D75520B37F1}"
EndProject
Project("{FAE04EC0-301F-11D3-BF4B-00C04F79EFBC}") = "knockout Demo", "knockout Demo\knockout Demo.csproj", "{55BCA1AF-A0FE-4410-BB6A-88B62A15FA52}"
EndProject
Project("{FAE04EC0-301F-11D3-BF4B-00C04F79EFBC}") = "print Demo", "print Demo\print Demo.csproj", "{2E06C98B-5F1B-4A6F-8D6F-FEB1587DE59A}"
EndProject
Project("{FAE04EC0-301F-11D3-BF4B-00C04F79EFBC}") = "Reactive Demo", "TypeScriptHTMLApp1\Reactive Demo.csproj", "{C0A2A39C-174D-4A27-9E56-C5BD2723615D}"
EndProject
Project("{FAE04EC0-301F-11D3-BF4B-00C04F79EFBC}") = "VueDemo", "VueDemo\VueDemo.csproj", "{29B308D4-F333-4506-8CCB-4464AB264905}"
EndProject
Project("{FAE04EC0-301F-11D3-BF4B-00C04F79EFBC}") = "webPackDemo", "webPackDemo\webPackDemo.csproj", "{264A4F16-F86D-4471-9CA3-1BDB0A604C1A}"
EndProject
Global
	GlobalSection(SolutionConfigurationPlatforms) = preSolution
		Debug|Any CPU = Debug|Any CPU
		Release|Any CPU = Release|Any CPU
	EndGlobalSection
	GlobalSection(ProjectConfigurationPlatforms) = postSolution
		{B6267284-11CB-48BB-BC5F-AB339B572EBF}.Debug|Any CPU.ActiveCfg = Debug|Any CPU
		{B6267284-11CB-48BB-BC5F-AB339B572EBF}.Debug|Any CPU.Build.0 = Debug|Any CPU
		{B6267284-11CB-48BB-BC5F-AB339B572EBF}.Release|Any CPU.ActiveCfg = Release|Any CPU
		{B6267284-11CB-48BB-BC5F-AB339B572EBF}.Release|Any CPU.Build.0 = Release|Any CPU
		{A4F49F58-7F4E-4A4C-8EE7-2D75520B37F1}.Debug|Any CPU.ActiveCfg = Debug|Any CPU
		{A4F49F58-7F4E-4A4C-8EE7-2D75520B37F1}.Debug|Any CPU.Build.0 = Debug|Any CPU
		{A4F49F58-7F4E-4A4C-8EE7-2D75520B37F1}.Release|Any CPU.ActiveCfg = Release|Any CPU
		{A4F49F58-7F4E-4A4C-8EE7-2D75520B37F1}.Release|Any CPU.Build.0 = Release|Any CPU
		{55BCA1AF-A0FE-4410-BB6A-88B62A15FA52}.Debug|Any CPU.ActiveCfg = Debug|Any CPU
		{55BCA1AF-A0FE-4410-BB6A-88B62A15FA52}.Debug|Any CPU.Build.0 = Debug|Any CPU
		{55BCA1AF-A0FE-4410-BB6A-88B62A15FA52}.Release|Any CPU.ActiveCfg = Release|Any CPU
		{55BCA1AF-A0FE-4410-BB6A-88B62A15FA52}.Release|Any CPU.Build.0 = Release|Any CPU
		{2E06C98B-5F1B-4A6F-8D6F-FEB1587DE59A}.Debug|Any CPU.ActiveCfg = Debug|Any CPU
		{2E06C98B-5F1B-4A6F-8D6F-FEB1587DE59A}.Debug|Any CPU.Build.0 = Debug|Any CPU
		{2E06C98B-5F1B-4A6F-8D6F-FEB1587DE59A}.Release|Any CPU.ActiveCfg = Release|Any CPU
		{2E06C98B-5F1B-4A6F-8D6F-FEB1587DE59A}.Release|Any CPU.Build.0 = Release|Any CPU
		{C0A2A39C-174D-4A27-9E56-C5BD2723615D}.Debug|Any CPU.ActiveCfg = Debug|Any CPU
		{C0A2A39C-174D-4A27-9E56-C5BD2723615D}.Debug|Any CPU.Build.0 = Debug|Any CPU
		{C0A2A39C-174D-4A27-9E56-C5BD2723615D}.Release|Any CPU.ActiveCfg = Release|Any CPU
		{C0A2A39C-174D-4A27-9E56-C5BD2723615D}.Release|Any CPU.Build.0 = Release|Any CPU
		{29B308D4-F333-4506-8CCB-4464AB264905}.Debug|Any CPU.ActiveCfg = Debug|Any CPU
		{29B308D4-F333-4506-8CCB-4464AB264905}.Debug|Any CPU.Build.0 = Debug|Any CPU
		{29B308D4-F333-4506-8CCB-4464AB264905}.Release|Any CPU.ActiveCfg = Release|Any CPU
		{29B308D4-F333-4506-8CCB-4464AB264905}.Release|Any CPU.Build.0 = Release|Any CPU
		{264A4F16-F86D-4471-9CA3-1BDB0A604C1A}.Debug|Any CPU.ActiveCfg = Debug|Any CPU
		{264A4F16-F86D-4471-9CA3-1BDB0A604C1A}.Debug|Any CPU.Build.0 = Debug|Any CPU
		{264A4F16-F86D-4471-9CA3-1BDB0A604C1A}.Release|Any CPU.ActiveCfg = Release|Any CPU
		{264A4F16-F86D-4471-9CA3-1BDB0A604C1A}.Release|Any CPU.Build.0 = Release|Any CPU
	EndGlobalSection
	GlobalSection(SolutionProperties) = preSolution
		HideSolutionNode = FALSE
	EndGlobalSection
EndGlobal
